
Microsoft Visual Studio Solution File, Format Version 12.00
# Visual Studio 15
VisualStudioVersion = 15.0.26430.14
MinimumVisualStudioVersion = 10.0.40219.1
Project("{9A19103F-16F7-4668-BE54-9A1E7A4F7556}") = "Hello", "Hello\Hello.csproj", "{C2FDA7E0-A6DB-4EE0-A0B7-7FA7D859C488}"
EndProject
Project("{9A19103F-16F7-4668-BE54-9A1E7A4F7556}") = "KoalaLand", "KoalaLand\KoalaLand.csproj", "{5F47C9E4-8B4E-4EB7-A1DD-AA675C77882B}"
EndProject
Project("{FAE04EC0-301F-11D3-BF4B-00C04F79EFBC}") = "PatAntPat", "PatAntPat\PatAntPat.csproj", "{FB778E52-EDBF-487D-A3E2-C57FF46BBD9B}"
EndProject
Global
	GlobalSection(SolutionConfigurationPlatforms) = preSolution
		Debug|Any CPU = Debug|Any CPU
		Release|Any CPU = Release|Any CPU
	EndGlobalSection
	GlobalSection(ProjectConfigurationPlatforms) = postSolution
		{C2FDA7E0-A6DB-4EE0-A0B7-7FA7D859C488}.Debug|Any CPU.ActiveCfg = Debug|Any CPU
		{C2FDA7E0-A6DB-4EE0-A0B7-7FA7D859C488}.Debug|Any CPU.Build.0 = Debug|Any CPU
		{C2FDA7E0-A6DB-4EE0-A0B7-7FA7D859C488}.Release|Any CPU.ActiveCfg = Release|Any CPU
		{C2FDA7E0-A6DB-4EE0-A0B7-7FA7D859C488}.Release|Any CPU.Build.0 = Release|Any CPU
		{5F47C9E4-8B4E-4EB7-A1DD-AA675C77882B}.Debug|Any CPU.ActiveCfg = Debug|Any CPU
		{5F47C9E4-8B4E-4EB7-A1DD-AA675C77882B}.Debug|Any CPU.Build.0 = Debug|Any CPU
		{5F47C9E4-8B4E-4EB7-A1DD-AA675C77882B}.Release|Any CPU.ActiveCfg = Release|Any CPU
		{5F47C9E4-8B4E-4EB7-A1DD-AA675C77882B}.Release|Any CPU.Build.0 = Release|Any CPU
		{FB778E52-EDBF-487D-A3E2-C57FF46BBD9B}.Debug|Any CPU.ActiveCfg = Debug|Any CPU
		{FB778E52-EDBF-487D-A3E2-C57FF46BBD9B}.Debug|Any CPU.Build.0 = Debug|Any CPU
		{FB778E52-EDBF-487D-A3E2-C57FF46BBD9B}.Release|Any CPU.ActiveCfg = Release|Any CPU
		{FB778E52-EDBF-487D-A3E2-C57FF46BBD9B}.Release|Any CPU.Build.0 = Release|Any CPU
	EndGlobalSection
	GlobalSection(SolutionProperties) = preSolution
		HideSolutionNode = FALSE
	EndGlobalSection
EndGlobal
